Microsoft Visual Studio Solution File, Format Version 12.00
# Visual Studio Version 17
VisualStudioVersion = 17.5.2.0
MinimumVisualStudioVersion = 10.0.40219.1
Project("{2150E333-8FDC-42A3-9474-1A3956D46DE8}") = "src", "src", "{827E0CD3-B72D-47B6-A68D-7590B98EB39B}"
EndProject
Project("{FAE04EC0-301F-11D3-BF4B-00C04F79EFBC}") = "HomeStoq.Server", "src\HomeStoq.Server\HomeStoq.Server.csproj", "{D7DBE518-4EB0-7FFD-34DA-DBCD8F65F084}"
EndProject
Global
	GlobalSection(SolutionConfigurationPlatforms) = preSolution
		Debug|Any CPU = Debug|Any CPU
		Release|Any CPU = Release|Any CPU
	EndGlobalSection
	GlobalSection(ProjectConfigurationPlatforms) = postSolution
		{D7DBE518-4EB0-7FFD-34DA-DBCD8F65F084}.Debug|Any CPU.ActiveCfg = Debug|Any CPU
		{D7DBE518-4EB0-7FFD-34DA-DBCD8F65F084}.Debug|Any CPU.Build.0 = Debug|Any CPU
		{D7DBE518-4EB0-7FFD-34DA-DBCD8F65F084}.Release|Any CPU.ActiveCfg = Release|Any CPU
		{D7DBE518-4EB0-7FFD-34DA-DBCD8F65F084}.Release|Any CPU.Build.0 = Release|Any CPU
	EndGlobalSection
	GlobalSection(SolutionProperties) = preSolution
		HideSolutionNode = FALSE
	EndGlobalSection
	GlobalSection(NestedProjects) = preSolution
		{D7DBE518-4EB0-7FFD-34DA-DBCD8F65F084} = {827E0CD3-B72D-47B6-A68D-7590B98EB39B}
	EndGlobalSection
	GlobalSection(ExtensibilityGlobals) = postSolution
		SolutionGuid = {405679C3-DDBD-432D-8327-68EDF43B6FC9}
	EndGlobalSection
EndGlobal
